
Microsoft Visual Studio Solution File, Format Version 12.00
# Visual Studio Version 17
VisualStudioVersion = 17.9.34728.123
MinimumVisualStudioVersion = 10.0.40219.1
Project("{FAE04EC0-301F-11D3-BF4B-00C04F79EFBC}") = "RdpRestarterService", "RdpRestarterService\RdpRestarterService.csproj", "{1103330F-7944-4D1F-B910-652B14DF1CDA}"
EndProject
Global
	GlobalSection(SolutionConfigurationPlatforms) = preSolution
		Debug|Any CPU = Debug|Any CPU
		Release|Any CPU = Release|Any CPU
	EndGlobalSection
	GlobalSection(ProjectConfigurationPlatforms) = postSolution
		{1103330F-7944-4D1F-B910-652B14DF1CDA}.Debug|Any CPU.ActiveCfg = Debug|Any CPU
		{1103330F-7944-4D1F-B910-652B14DF1CDA}.Debug|Any CPU.Build.0 = Debug|Any CPU
		{1103330F-7944-4D1F-B910-652B14DF1CDA}.Release|Any CPU.ActiveCfg = Release|Any CPU
		{1103330F-7944-4D1F-B910-652B14DF1CDA}.Release|Any CPU.Build.0 = Release|Any CPU
	EndGlobalSection
	GlobalSection(SolutionProperties) = preSolution
		HideSolutionNode = FALSE
	EndGlobalSection
	GlobalSection(ExtensibilityGlobals) = postSolution
		SolutionGuid = {0286E14B-750E-40F5-922A-B41D5B28E3CA}
	EndGlobalSection
EndGlobal
